
Microsoft Visual Studio Solution File, Format Version 12.00
# Visual Studio Version 17
VisualStudioVersion = 17.3.32901.215
MinimumVisualStudioVersion = 10.0.40219.1
Project("{FAE04EC0-301F-11D3-BF4B-00C04F79EFBC}") = "Pr.8.Zd.4", "Pr.8.Zd.4\Pr.8.Zd.4.csproj", "{D3000727-C3A9-42FD-8C61-8AAA459ECBAA}"
EndProject
Global
	GlobalSection(SolutionConfigurationPlatforms) = preSolution
		Debug|Any CPU = Debug|Any CPU
		Release|Any CPU = Release|Any CPU
	EndGlobalSection
	GlobalSection(ProjectConfigurationPlatforms) = postSolution
		{D3000727-C3A9-42FD-8C61-8AAA459ECBAA}.Debug|Any CPU.ActiveCfg = Debug|Any CPU
		{D3000727-C3A9-42FD-8C61-8AAA459ECBAA}.Debug|Any CPU.Build.0 = Debug|Any CPU
		{D3000727-C3A9-42FD-8C61-8AAA459ECBAA}.Release|Any CPU.ActiveCfg = Release|Any CPU
		{D3000727-C3A9-42FD-8C61-8AAA459ECBAA}.Release|Any CPU.Build.0 = Release|Any CPU
	EndGlobalSection
	GlobalSection(SolutionProperties) = preSolution
		HideSolutionNode = FALSE
	EndGlobalSection
	GlobalSection(ExtensibilityGlobals) = postSolution
		SolutionGuid = {F7FCBEED-0B45-4FEA-A214-85A9FFC4B5FE}
	EndGlobalSection
EndGlobal
